
Microsoft Visual Studio Solution File, Format Version 12.00
# Visual Studio 15
VisualStudioVersion = 15.0.28307.329
MinimumVisualStudioVersion = 10.0.40219.1
Project("{2150E333-8FDC-42A3-9474-1A3956D46DE8}") = "Week1", "Week1", "{57E1B626-43F2-422C-AB71-5799E91A079B}"
EndProject
Project("{2150E333-8FDC-42A3-9474-1A3956D46DE8}") = "CSharp Lecture", "CSharp Lecture", "{9736A6D9-1B4B-44C7-BE83-C427172554A7}"
EndProject
Project("{FAE04EC0-301F-11D3-BF4B-00C04F79EFBC}") = "Strings", "Week1\CSharp Lecture\Strings\Strings.csproj", "{7EE568BC-62E1-4F4B-8E40-8342BEECD1CB}"
EndProject
Project("{FAE04EC0-301F-11D3-BF4B-00C04F79EFBC}") = "DataAndTimes", "Week1\CSharp Lecture\DataAndTimes\DataAndTimes.csproj", "{04453E61-8160-4075-BD0D-500B92827EB2}"
EndProject
Project("{FAE04EC0-301F-11D3-BF4B-00C04F79EFBC}") = "Classes", "Week1\CSharp Lecture\Classes\Classes.csproj", "{65FC6214-1312-477B-B79F-B6B2760B7A87}"
EndProject
Project("{FAE04EC0-301F-11D3-BF4B-00C04F79EFBC}") = "MixedNotes", "Week1\CSharp Lecture\MixedNotes\MixedNotes.csproj", "{2EA05574-5000-46C5-B3AD-88AB92674579}"
EndProject
Project("{2150E333-8FDC-42A3-9474-1A3956D46DE8}") = "Logs", "Logs", "{798E5226-53E0-40E8-A082-C488981DEFF5}"
	ProjectSection(SolutionItems) = preProject
		Logs\1st Week Logs.xlsx = Logs\1st Week Logs.xlsx
		Logs\2nd Week Logs.xlsx = Logs\2nd Week Logs.xlsx
		Logs\3rd Week Logs.xlsx = Logs\3rd Week Logs.xlsx
	EndProjectSection
EndProject
Project("{FAE04EC0-301F-11D3-BF4B-00C04F79EFBC}") = "NetClassesAndNamespaces", "Week1\CSharp Lecture\NetClassesAndNamespaces\NetClassesAndNamespaces.csproj", "{CCE9C1D7-3485-4911-8887-63F074CCDF40}"
EndProject
Project("{FAE04EC0-301F-11D3-BF4B-00C04F79EFBC}") = "MyClassLibrary", "Week1\CSharp Lecture\MyClassLibrary\MyClassLibrary.csproj", "{1F4C102F-2791-4E1F-8C61-B839235B36B4}"
EndProject
Project("{FAE04EC0-301F-11D3-BF4B-00C04F79EFBC}") = "Collections", "Week1\CSharp Lecture\Collections\Collections.csproj", "{4006185E-19B3-4BF0-9332-A724F5DFD3C2}"
EndProject
Project("{FAE04EC0-301F-11D3-BF4B-00C04F79EFBC}") = "LINQ", "Week1\CSharp Lecture\LINQ\LINQ.csproj", "{CBAA573A-E563-403E-AE30-A1C7CF62BB39}"
EndProject
Project("{FAE04EC0-301F-11D3-BF4B-00C04F79EFBC}") = "SwitchAndEnums", "Week1\CSharp Lecture\SwitchAndEnums\SwitchAndEnums.csproj", "{CD14CAC7-D0C8-492B-99CC-5A5E13F48EDE}"
EndProject
Project("{FAE04EC0-301F-11D3-BF4B-00C04F79EFBC}") = "TimerElapsedExample", "Week1\CSharp Lecture\TimerElapsedExample\TimerElapsedExample.csproj", "{54E7A975-9A13-4B78-8B42-5069A367AF66}"
EndProject
Project("{2150E333-8FDC-42A3-9474-1A3956D46DE8}") = "Week2", "Week2", "{CF9F3299-A6C6-4F38-A0C9-EA76A3F6A1AA}"
EndProject
Project("{2150E333-8FDC-42A3-9474-1A3956D46DE8}") = "2.FirstHTMLPage", "2.FirstHTMLPage", "{E2EF870C-0EDA-4ED8-B1A8-B2F901392D43}"
	ProjectSection(SolutionItems) = preProject
		Week2\HTMLAndCSSLectures\2.FirstHTMLPage\http-message.gif = Week2\HTMLAndCSSLectures\2.FirstHTMLPage\http-message.gif
		Week2\HTMLAndCSSLectures\2.FirstHTMLPage\Lesson02.html = Week2\HTMLAndCSSLectures\2.FirstHTMLPage\Lesson02.html
		Week2\HTMLAndCSSLectures\2.FirstHTMLPage\www-diagram.gif = Week2\HTMLAndCSSLectures\2.FirstHTMLPage\www-diagram.gif
	EndProjectSection
EndProject
Project("{2150E333-8FDC-42A3-9474-1A3956D46DE8}") = "3.StylingByCSS", "3.StylingByCSS", "{DD5FDCF7-3D78-4589-8887-90BC8F1D4813}"
	ProjectSection(SolutionItems) = preProject
		Week2\HTMLAndCSSLectures\3.StylingByCSS\http-message.gif = Week2\HTMLAndCSSLectures\3.StylingByCSS\http-message.gif
		Week2\HTMLAndCSSLectures\3.StylingByCSS\Lesson03.html = Week2\HTMLAndCSSLectures\3.StylingByCSS\Lesson03.html
		Week2\HTMLAndCSSLectures\3.StylingByCSS\Styles.css = Week2\HTMLAndCSSLectures\3.StylingByCSS\Styles.css
		Week2\HTMLAndCSSLectures\3.StylingByCSS\www-diagram.gif = Week2\HTMLAndCSSLectures\3.StylingByCSS\www-diagram.gif
	EndProjectSection
EndProject
Project("{2150E333-8FDC-42A3-9474-1A3956D46DE8}") = "5.ParagraphsAndText", "5.ParagraphsAndText", "{297BEC5E-214C-4DC9-ACF6-7816BED1D877}"
	ProjectSection(SolutionItems) = preProject
		Week2\HTMLAndCSSLectures\5.ParagraphsAndText\another.html = Week2\HTMLAndCSSLectures\5.ParagraphsAndText\another.html
		Week2\HTMLAndCSSLectures\5.ParagraphsAndText\Lesson05.html = Week2\HTMLAndCSSLectures\5.ParagraphsAndText\Lesson05.html
	EndProjectSection
EndProject
Project("{2150E333-8FDC-42A3-9474-1A3956D46DE8}") = "6.StructureOfDocument", "6.StructureOfDocument", "{C40A9CE8-D819-4085-9269-7830A9791FE4}"
	ProjectSection(SolutionItems) = preProject
		Week2\HTMLAndCSSLectures\6.StructureOfDocument\lesson06.html = Week2\HTMLAndCSSLectures\6.StructureOfDocument\lesson06.html
	EndProjectSection
EndProject
Project("{2150E333-8FDC-42A3-9474-1A3956D46DE8}") = "8.Lists", "8.Lists", "{D1537180-7A68-4AAB-99EC-88426C74A148}"
	ProjectSection(SolutionItems) = preProject
		Week2\HTMLAndCSSLectures\8.Lists\Lesson08.html = Week2\HTMLAndCSSLectures\8.Lists\Lesson08.html
	EndProjectSection
EndProject
Project("{2150E333-8FDC-42A3-9474-1A3956D46DE8}") = "9.Tables", "9.Tables", "{ADA21E7D-9849-4DE0-9324-A38618892064}"
	ProjectSection(SolutionItems) = preProject
		Week2\HTMLAndCSSLectures\9.Tables\Lesson09.html = Week2\HTMLAndCSSLectures\9.Tables\Lesson09.html
	EndProjectSection
EndProject
Project("{2150E333-8FDC-42A3-9474-1A3956D46DE8}") = "10.Forms", "10.Forms", "{7D4AC85C-B5DA-47C7-B0B1-58C32D924B73}"
	ProjectSection(SolutionItems) = preProject
		Week2\HTMLAndCSSLectures\10.Forms\Lesson10.html = Week2\HTMLAndCSSLectures\10.Forms\Lesson10.html
	EndProjectSection
EndProject
Project("{2150E333-8FDC-42A3-9474-1A3956D46DE8}") = "13.TextStyle", "13.TextStyle", "{36591526-2025-43C1-B8C9-4C9B38E4DA3A}"
	ProjectSection(SolutionItems) = preProject
		Week2\HTMLAndCSSLectures\13.TextStyle\Lesson13.html = Week2\HTMLAndCSSLectures\13.TextStyle\Lesson13.html
	EndProjectSection
EndProject
Project("{2150E333-8FDC-42A3-9474-1A3956D46DE8}") = "14.ColoursAndBackgrounds", "14.ColoursAndBackgrounds", "{C66E56C8-470A-479C-BE6D-8668299C3C7B}"
	ProjectSection(SolutionItems) = preProject
		Week2\HTMLAndCSSLectures\14.ColoursAndBackgrounds\Lesson14.html = Week2\HTMLAndCSSLectures\14.ColoursAndBackgrounds\Lesson14.html
	EndProjectSection
EndProject
Project("{2150E333-8FDC-42A3-9474-1A3956D46DE8}") = "15.ListAndTables", "15.ListAndTables", "{1E9B692E-4C12-4932-BD64-2975FB336DA2}"
	ProjectSection(SolutionItems) = preProject
		Week2\HTMLAndCSSLectures\15.ListAndTables\Lesson15.html = Week2\HTMLAndCSSLectures\15.ListAndTables\Lesson15.html
	EndProjectSection
EndProject
Project("{2150E333-8FDC-42A3-9474-1A3956D46DE8}") = "16.BoxStyles", "16.BoxStyles", "{2123BF04-702B-4BB3-8A99-A8CEF84172AE}"
	ProjectSection(SolutionItems) = preProject
		Week2\HTMLAndCSSLectures\16.BoxStyles\Lesson16.html = Week2\HTMLAndCSSLectures\16.BoxStyles\Lesson16.html
	EndProjectSection
EndProject
Project("{2150E333-8FDC-42A3-9474-1A3956D46DE8}") = "17.CSSFontFace", "17.CSSFontFace", "{86AB0811-46BE-48A5-8227-952DF06F23BE}"
	ProjectSection(SolutionItems) = preProject
		Week2\HTMLAndCSSLectures\17.CSSFontFace\GoodDog-webfont.eot = Week2\HTMLAndCSSLectures\17.CSSFontFace\GoodDog-webfont.eot
		Week2\HTMLAndCSSLectures\17.CSSFontFace\GoodDog-webfont.svg = Week2\HTMLAndCSSLectures\17.CSSFontFace\GoodDog-webfont.svg
		Week2\HTMLAndCSSLectures\17.CSSFontFace\GoodDog-webfont.ttf = Week2\HTMLAndCSSLectures\17.CSSFontFace\GoodDog-webfont.ttf
		Week2\HTMLAndCSSLectures\17.CSSFontFace\GoodDog-webfont.woff = Week2\HTMLAndCSSLectures\17.CSSFontFace\GoodDog-webfont.woff
		Week2\HTMLAndCSSLectures\17.CSSFontFace\Lesson17.html = Week2\HTMLAndCSSLectures\17.CSSFontFace\Lesson17.html
		Week2\HTMLAndCSSLectures\17.CSSFontFace\styles.css = Week2\HTMLAndCSSLectures\17.CSSFontFace\styles.css
	EndProjectSection
EndProject
Project("{2150E333-8FDC-42A3-9474-1A3956D46DE8}") = "18.VideoInHTML", "18.VideoInHTML", "{97F3AF8D-2E96-4125-BA20-4B93F892555F}"
	ProjectSection(SolutionItems) = preProject
		Week2\HTMLAndCSSLectures\18.VideoInHTML\30seconds.mp4 = Week2\HTMLAndCSSLectures\18.VideoInHTML\30seconds.mp4
		Week2\HTMLAndCSSLectures\18.VideoInHTML\Lesson18.html = Week2\HTMLAndCSSLectures\18.VideoInHTML\Lesson18.html
		Week2\HTMLAndCSSLectures\18.VideoInHTML\poster.jpg = Week2\HTMLAndCSSLectures\18.VideoInHTML\poster.jpg
	EndProjectSection
EndProject
Project("{2150E333-8FDC-42A3-9474-1A3956D46DE8}") = "19.CanvasAnimation", "19.CanvasAnimation", "{5B3D33BC-1EBB-4CE8-B7A2-DE6C5B1DE793}"
	ProjectSection(SolutionItems) = preProject
		Week2\HTMLAndCSSLectures\19.CanvasAnimation\Lesson19.html = Week2\HTMLAndCSSLectures\19.CanvasAnimation\Lesson19.html
	EndProjectSection
EndProject
Project("{2150E333-8FDC-42A3-9474-1A3956D46DE8}") = "20.SVG", "20.SVG", "{60F0F0CB-0F3C-4E4B-93C9-7B8122F4830D}"
	ProjectSection(SolutionItems) = preProject
		Week2\HTMLAndCSSLectures\20.SVG\copy_paste_svg.html = Week2\HTMLAndCSSLectures\20.SVG\copy_paste_svg.html
		Week2\HTMLAndCSSLectures\20.SVG\external_link.html = Week2\HTMLAndCSSLectures\20.SVG\external_link.html
		Week2\HTMLAndCSSLectures\20.SVG\Illustrator_SVG.png.png = Week2\HTMLAndCSSLectures\20.SVG\Illustrator_SVG.png.png
		Week2\HTMLAndCSSLectures\20.SVG\svg_interactivity.html = Week2\HTMLAndCSSLectures\20.SVG\svg_interactivity.html
		Week2\HTMLAndCSSLectures\20.SVG\Test.svg = Week2\HTMLAndCSSLectures\20.SVG\Test.svg
	EndProjectSection
EndProject
Project("{2150E333-8FDC-42A3-9474-1A3956D46DE8}") = "subfolder", "subfolder", "{3509A924-2876-4A67-817F-F256BAE3DF23}"
	ProjectSection(SolutionItems) = preProject
		Week2\HTMLAndCSSLectures\5.ParagraphsAndText\subfolder\subfolder.html = Week2\HTMLAndCSSLectures\5.ParagraphsAndText\subfolder\subfolder.html
	EndProjectSection
EndProject
Project("{2150E333-8FDC-42A3-9474-1A3956D46DE8}") = "Week3", "Week3", "{2DF094D7-F4FA-47EB-A414-8A8230FF84AF}"
EndProject
Project("{2150E333-8FDC-42A3-9474-1A3956D46DE8}") = "JavaScript", "JavaScript", "{D02B4429-6785-422F-AF7B-1BACA237E642}"
EndProject
Project("{2150E333-8FDC-42A3-9474-1A3956D46DE8}") = "Variables", "Variables", "{B3622D68-B3CA-4C1B-AA23-BC7753B2EBAC}"
	ProjectSection(SolutionItems) = preProject
		Week3\JavaScript\Variables\Lesson04.js = Week3\JavaScript\Variables\Lesson04.js
	EndProjectSection
EndProject
Project("{2150E333-8FDC-42A3-9474-1A3956D46DE8}") = "Arrays", "Arrays", "{43B545E4-0D7C-46C3-8D7B-C883F78283BB}"
	ProjectSection(SolutionItems) = preProject
		Week3\JavaScript\Arrays\arrays.js = Week3\JavaScript\Arrays\arrays.js
	EndProjectSection
EndProject
Project("{2150E333-8FDC-42A3-9474-1A3956D46DE8}") = "BasicsScope", "BasicsScope", "{03E7D760-E0AB-49EF-8322-817BF3413E7C}"
	ProjectSection(SolutionItems) = preProject
		Week3\JavaScript\BasicsScope\scope-basics.js = Week3\JavaScript\BasicsScope\scope-basics.js
	EndProjectSection
EndProject
Project("{2150E333-8FDC-42A3-9474-1A3956D46DE8}") = "Closures", "Closures", "{BBE7C33A-9AAE-4153-9069-B43AE38F1AC8}"
	ProjectSection(SolutionItems) = preProject
		Week3\JavaScript\Closures\closures.js = Week3\JavaScript\Closures\closures.js
	EndProjectSection
EndProject
Project("{2150E333-8FDC-42A3-9474-1A3956D46DE8}") = "CoercionAndConversion", "CoercionAndConversion", "{6E725CBC-2505-4D54-B5EF-0F7016E151ED}"
	ProjectSection(SolutionItems) = preProject
		Week3\JavaScript\CoercionAndConversion\coercion.js = Week3\JavaScript\CoercionAndConversion\coercion.js
	EndProjectSection
EndProject
Project("{2150E333-8FDC-42A3-9474-1A3956D46DE8}") = "DataTypes", "DataTypes", "{F61B5473-0AA5-4D8B-A9E2-43B61324946D}"
	ProjectSection(SolutionItems) = preProject
		Week3\JavaScript\DataTypes\Lesson05.js = Week3\JavaScript\DataTypes\Lesson05.js
	EndProjectSection
EndProject
Project("{2150E333-8FDC-42A3-9474-1A3956D46DE8}") = "DecisionStatement", "DecisionStatement", "{84D86D23-AB89-41E7-8972-FBEEA41C932B}"
	ProjectSection(SolutionItems) = preProject
		Week3\JavaScript\DecisionStatement\decisions.js = Week3\JavaScript\DecisionStatement\decisions.js
	EndProjectSection
EndProject
Project("{2150E333-8FDC-42A3-9474-1A3956D46DE8}") = "Expressions", "Expressions", "{B12489FA-83DD-4E1D-AA3A-007082DFDC00}"
	ProjectSection(SolutionItems) = preProject
		Week3\JavaScript\Expressions\expressions.js = Week3\JavaScript\Expressions\expressions.js
	EndProjectSection
EndProject
Project("{2150E333-8FDC-42A3-9474-1A3956D46DE8}") = "FunctionDeclaration", "FunctionDeclaration", "{8ED0DD49-DDCE-4D3C-8CC8-7D27EF56F042}"
	ProjectSection(SolutionItems) = preProject
		Week3\JavaScript\FunctionDeclaration\function-declarations.js = Week3\JavaScript\FunctionDeclaration\function-declarations.js
	EndProjectSection
EndProject
Project("{2150E333-8FDC-42A3-9474-1A3956D46DE8}") = "FunctionExpressions", "FunctionExpressions", "{D85960FA-17F6-4764-81D1-DB3463B709D2}"
	ProjectSection(SolutionItems) = preProject
		Week3\JavaScript\FunctionExpressions\function-expressions.js = Week3\JavaScript\FunctionExpressions\function-expressions.js
	EndProjectSection
EndProject
Project("{2150E333-8FDC-42A3-9474-1A3956D46DE8}") = "FunctionsReturning", "FunctionsReturning", "{2CDA1277-F6D0-490E-ABE7-BA1B1480352C}"
	ProjectSection(SolutionItems) = preProject
		Week3\JavaScript\FunctionsReturning\returning-functions.js = Week3\JavaScript\FunctionsReturning\returning-functions.js
	EndProjectSection
EndProject
Project("{2150E333-8FDC-42A3-9474-1A3956D46DE8}") = "IterationStatement", "IterationStatement", "{4A2C1F25-DEA0-438B-993F-5E83115A1614}"
	ProjectSection(SolutionItems) = preProject
		Week3\JavaScript\IterationStatement\iterations.js = Week3\JavaScript\IterationStatement\iterations.js
	EndProjectSection
EndProject
Project("{2150E333-8FDC-42A3-9474-1A3956D46DE8}") = "ModulePattern", "ModulePattern", "{467F7E7A-B11D-4CE7-BA86-2D634839822A}"
	ProjectSection(SolutionItems) = preProject
		Week3\JavaScript\ModulePattern\module-pattern.js = Week3\JavaScript\ModulePattern\module-pattern.js
	EndProjectSection
EndProject
Project("{2150E333-8FDC-42A3-9474-1A3956D46DE8}") = "ObjectLiterals", "ObjectLiterals", "{FCD9C81E-6282-4B6E-9ECD-E8743FE0E55E}"
	ProjectSection(SolutionItems) = preProject
		Week3\JavaScript\ObjectLiterals\object.js = Week3\JavaScript\ObjectLiterals\object.js
	EndProjectSection
EndProject
Project("{2150E333-8FDC-42A3-9474-1A3956D46DE8}") = "thisKeyword", "thisKeyword", "{D2254EF6-7F49-4BD3-BEDA-6FD6FCFB4999}"
	ProjectSection(SolutionItems) = preProject
		Week3\JavaScript\thisKeyword\this-keyword.html = Week3\JavaScript\thisKeyword\this-keyword.html
		Week3\JavaScript\thisKeyword\this-keyword.js = Week3\JavaScript\thisKeyword\this-keyword.js
	EndProjectSection
EndProject
Project("{2150E333-8FDC-42A3-9474-1A3956D46DE8}") = "Destructuring", "Destructuring", "{BEAC7F41-2F1B-4222-A352-0929ED6FA723}"
	ProjectSection(SolutionItems) = preProject
		Week3\JavaScript\Destructuring\destructuring.js = Week3\JavaScript\Destructuring\destructuring.js
	EndProjectSection
EndProject
Project("{2150E333-8FDC-42A3-9474-1A3956D46DE8}") = "TemplateLiterals", "TemplateLiterals", "{48CA935A-D231-465B-AA0A-A92C6C36746B}"
	ProjectSection(SolutionItems) = preProject
		Week3\JavaScript\TemplateLiterals\template-literals.js = Week3\JavaScript\TemplateLiterals\template-literals.js
	EndProjectSection
EndProject
Project("{2150E333-8FDC-42A3-9474-1A3956D46DE8}") = "RegularExpressions", "RegularExpressions", "{4B66E3ED-B3C7-490F-8E64-5DC56730F2D8}"
	ProjectSection(SolutionItems) = preProject
		Week3\JavaScript\RegularExpressions\regex.js = Week3\JavaScript\RegularExpressions\regex.js
	EndProjectSection
EndProject
Project("{2150E333-8FDC-42A3-9474-1A3956D46DE8}") = "Natives", "Natives", "{0FC3350C-DE57-4777-91F2-15A7DD8C29BC}"
	ProjectSection(SolutionItems) = preProject
		Week3\JavaScript\Natives\natives.js = Week3\JavaScript\Natives\natives.js
	EndProjectSection
EndProject
Project("{2150E333-8FDC-42A3-9474-1A3956D46DE8}") = "FunctionConstructors", "FunctionConstructors", "{ADCC8A97-4DBC-454E-94B3-8465509B11F5}"
	ProjectSection(SolutionItems) = preProject
		Week3\JavaScript\FunctionConstructors\constructors.js = Week3\JavaScript\FunctionConstructors\constructors.js
	EndProjectSection
EndProject
Project("{2150E333-8FDC-42A3-9474-1A3956D46DE8}") = "ObjectsAndPrototype", "ObjectsAndPrototype", "{60931CFC-B5D4-4A85-B925-8D66FA061510}"
	ProjectSection(SolutionItems) = preProject
		Week3\JavaScript\ObjectsAndPrototype\prototypes.js = Week3\JavaScript\ObjectsAndPrototype\prototypes.js
	EndProjectSection
EndProject
Project("{2150E333-8FDC-42A3-9474-1A3956D46DE8}") = "Classes", "Classes", "{91BECF58-6B67-4A54-BCE1-F03AC81434CE}"
	ProjectSection(SolutionItems) = preProject
		Week3\JavaScript\Classes\classes.js = Week3\JavaScript\Classes\classes.js
	EndProjectSection
EndProject
Project("{2150E333-8FDC-42A3-9474-1A3956D46DE8}") = "TruthyAndFalsy", "TruthyAndFalsy", "{8E0C0491-326E-4051-96A6-20F410CF96F1}"
	ProjectSection(SolutionItems) = preProject
		Week3\JavaScript\TruthyAndFalsy\falsy-truthy.js = Week3\JavaScript\TruthyAndFalsy\falsy-truthy.js
	EndProjectSection
EndProject
Project("{2150E333-8FDC-42A3-9474-1A3956D46DE8}") = "ArrowFunctions", "ArrowFunctions", "{B0F717C3-C800-4BAE-9C60-CD3667769D55}"
	ProjectSection(SolutionItems) = preProject
		Week3\JavaScript\ArrowFunctions\arrow-functions.js = Week3\JavaScript\ArrowFunctions\arrow-functions.js
	EndProjectSection
EndProject
Project("{2150E333-8FDC-42A3-9474-1A3956D46DE8}") = "Null", "Null", "{0B72E794-24E5-476F-B886-8EA4E7F8798F}"
	ProjectSection(SolutionItems) = preProject
		Week3\JavaScript\Null\null.js = Week3\JavaScript\Null\null.js
	EndProjectSection
EndProject
Project("{2150E333-8FDC-42A3-9474-1A3956D46DE8}") = "Dates", "Dates", "{3B4ABB2E-DE9E-4D2B-9CF0-7CE278DB6ED9}"
	ProjectSection(SolutionItems) = preProject
		Week3\JavaScript\Dates\dates.js = Week3\JavaScript\Dates\dates.js
	EndProjectSection
EndProject
Project("{2150E333-8FDC-42A3-9474-1A3956D46DE8}") = "StringMethods", "StringMethods", "{32FDAE57-DFB8-4C27-AFC2-E5D2EBA89190}"
	ProjectSection(SolutionItems) = preProject
		Week3\JavaScript\StringMethods\strings.js = Week3\JavaScript\StringMethods\strings.js
	EndProjectSection
EndProject
Global
	GlobalSection(SolutionConfigurationPlatforms) = preSolution
		Debug|Any CPU = Debug|Any CPU
		Release|Any CPU = Release|Any CPU
	EndGlobalSection
	GlobalSection(ProjectConfigurationPlatforms) = postSolution
		{7EE568BC-62E1-4F4B-8E40-8342BEECD1CB}.Debug|Any CPU.ActiveCfg = Debug|Any CPU
		{7EE568BC-62E1-4F4B-8E40-8342BEECD1CB}.Debug|Any CPU.Build.0 = Debug|Any CPU
		{7EE568BC-62E1-4F4B-8E40-8342BEECD1CB}.Release|Any CPU.ActiveCfg = Release|Any CPU
		{7EE568BC-62E1-4F4B-8E40-8342BEECD1CB}.Release|Any CPU.Build.0 = Release|Any CPU
		{04453E61-8160-4075-BD0D-500B92827EB2}.Debug|Any CPU.ActiveCfg = Debug|Any CPU
		{04453E61-8160-4075-BD0D-500B92827EB2}.Debug|Any CPU.Build.0 = Debug|Any CPU
		{04453E61-8160-4075-BD0D-500B92827EB2}.Release|Any CPU.ActiveCfg = Release|Any CPU
		{04453E61-8160-4075-BD0D-500B92827EB2}.Release|Any CPU.Build.0 = Release|Any CPU
		{65FC6214-1312-477B-B79F-B6B2760B7A87}.Debug|Any CPU.ActiveCfg = Debug|Any CPU
		{65FC6214-1312-477B-B79F-B6B2760B7A87}.Debug|Any CPU.Build.0 = Debug|Any CPU
		{65FC6214-1312-477B-B79F-B6B2760B7A87}.Release|Any CPU.ActiveCfg = Release|Any CPU
		{65FC6214-1312-477B-B79F-B6B2760B7A87}.Release|Any CPU.Build.0 = Release|Any CPU
		{2EA05574-5000-46C5-B3AD-88AB92674579}.Debug|Any CPU.ActiveCfg = Debug|Any CPU
		{2EA05574-5000-46C5-B3AD-88AB92674579}.Debug|Any CPU.Build.0 = Debug|Any CPU
		{2EA05574-5000-46C5-B3AD-88AB92674579}.Release|Any CPU.ActiveCfg = Release|Any CPU
		{2EA05574-5000-46C5-B3AD-88AB92674579}.Release|Any CPU.Build.0 = Release|Any CPU
		{CCE9C1D7-3485-4911-8887-63F074CCDF40}.Debug|Any CPU.ActiveCfg = Debug|Any CPU
		{CCE9C1D7-3485-4911-8887-63F074CCDF40}.Debug|Any CPU.Build.0 = Debug|Any CPU
		{CCE9C1D7-3485-4911-8887-63F074CCDF40}.Release|Any CPU.ActiveCfg = Release|Any CPU
		{CCE9C1D7-3485-4911-8887-63F074CCDF40}.Release|Any CPU.Build.0 = Release|Any CPU
		{1F4C102F-2791-4E1F-8C61-B839235B36B4}.Debug|Any CPU.ActiveCfg = Debug|Any CPU
		{1F4C102F-2791-4E1F-8C61-B839235B36B4}.Debug|Any CPU.Build.0 = Debug|Any CPU
		{1F4C102F-2791-4E1F-8C61-B839235B36B4}.Release|Any CPU.ActiveCfg = Release|Any CPU
		{1F4C102F-2791-4E1F-8C61-B839235B36B4}.Release|Any CPU.Build.0 = Release|Any CPU
		{4006185E-19B3-4BF0-9332-A724F5DFD3C2}.Debug|Any CPU.ActiveCfg = Debug|Any CPU
		{4006185E-19B3-4BF0-9332-A724F5DFD3C2}.Debug|Any CPU.Build.0 = Debug|Any CPU
		{4006185E-19B3-4BF0-9332-A724F5DFD3C2}.Release|Any CPU.ActiveCfg = Release|Any CPU
		{4006185E-19B3-4BF0-9332-A724F5DFD3C2}.Release|Any CPU.Build.0 = Release|Any CPU
		{CBAA573A-E563-403E-AE30-A1C7CF62BB39}.Debug|Any CPU.ActiveCfg = Debug|Any CPU
		{CBAA573A-E563-403E-AE30-A1C7CF62BB39}.Debug|Any CPU.Build.0 = Debug|Any CPU
		{CBAA573A-E563-403E-AE30-A1C7CF62BB39}.Release|Any CPU.ActiveCfg = Release|Any CPU
		{CBAA573A-E563-403E-AE30-A1C7CF62BB39}.Release|Any CPU.Build.0 = Release|Any CPU
		{CD14CAC7-D0C8-492B-99CC-5A5E13F48EDE}.Debug|Any CPU.ActiveCfg = Debug|Any CPU
		{CD14CAC7-D0C8-492B-99CC-5A5E13F48EDE}.Debug|Any CPU.Build.0 = Debug|Any CPU
		{CD14CAC7-D0C8-492B-99CC-5A5E13F48EDE}.Release|Any CPU.ActiveCfg = Release|Any CPU
		{CD14CAC7-D0C8-492B-99CC-5A5E13F48EDE}.Release|Any CPU.Build.0 = Release|Any CPU
		{54E7A975-9A13-4B78-8B42-5069A367AF66}.Debug|Any CPU.ActiveCfg = Debug|Any CPU
		{54E7A975-9A13-4B78-8B42-5069A367AF66}.Debug|Any CPU.Build.0 = Debug|Any CPU
		{54E7A975-9A13-4B78-8B42-5069A367AF66}.Release|Any CPU.ActiveCfg = Release|Any CPU
		{54E7A975-9A13-4B78-8B42-5069A367AF66}.Release|Any CPU.Build.0 = Release|Any CPU
	EndGlobalSection
	GlobalSection(SolutionProperties) = preSolution
		HideSolutionNode = FALSE
	EndGlobalSection
	GlobalSection(NestedProjects) = preSolution
		{9736A6D9-1B4B-44C7-BE83-C427172554A7} = {57E1B626-43F2-422C-AB71-5799E91A079B}
		{7EE568BC-62E1-4F4B-8E40-8342BEECD1CB} = {9736A6D9-1B4B-44C7-BE83-C427172554A7}
		{04453E61-8160-4075-BD0D-500B92827EB2} = {9736A6D9-1B4B-44C7-BE83-C427172554A7}
		{65FC6214-1312-477B-B79F-B6B2760B7A87} = {9736A6D9-1B4B-44C7-BE83-C427172554A7}
		{2EA05574-5000-46C5-B3AD-88AB92674579} = {9736A6D9-1B4B-44C7-BE83-C427172554A7}
		{CCE9C1D7-3485-4911-8887-63F074CCDF40} = {9736A6D9-1B4B-44C7-BE83-C427172554A7}
		{1F4C102F-2791-4E1F-8C61-B839235B36B4} = {9736A6D9-1B4B-44C7-BE83-C427172554A7}
		{4006185E-19B3-4BF0-9332-A724F5DFD3C2} = {9736A6D9-1B4B-44C7-BE83-C427172554A7}
		{CBAA573A-E563-403E-AE30-A1C7CF62BB39} = {9736A6D9-1B4B-44C7-BE83-C427172554A7}
		{CD14CAC7-D0C8-492B-99CC-5A5E13F48EDE} = {9736A6D9-1B4B-44C7-BE83-C427172554A7}
		{54E7A975-9A13-4B78-8B42-5069A367AF66} = {9736A6D9-1B4B-44C7-BE83-C427172554A7}
		{E2EF870C-0EDA-4ED8-B1A8-B2F901392D43} = {CF9F3299-A6C6-4F38-A0C9-EA76A3F6A1AA}
		{DD5FDCF7-3D78-4589-8887-90BC8F1D4813} = {CF9F3299-A6C6-4F38-A0C9-EA76A3F6A1AA}
		{297BEC5E-214C-4DC9-ACF6-7816BED1D877} = {CF9F3299-A6C6-4F38-A0C9-EA76A3F6A1AA}
		{C40A9CE8-D819-4085-9269-7830A9791FE4} = {CF9F3299-A6C6-4F38-A0C9-EA76A3F6A1AA}
		{D1537180-7A68-4AAB-99EC-88426C74A148} = {CF9F3299-A6C6-4F38-A0C9-EA76A3F6A1AA}
		{ADA21E7D-9849-4DE0-9324-A38618892064} = {CF9F3299-A6C6-4F38-A0C9-EA76A3F6A1AA}
		{7D4AC85C-B5DA-47C7-B0B1-58C32D924B73} = {CF9F3299-A6C6-4F38-A0C9-EA76A3F6A1AA}
		{36591526-2025-43C1-B8C9-4C9B38E4DA3A} = {CF9F3299-A6C6-4F38-A0C9-EA76A3F6A1AA}
		{C66E56C8-470A-479C-BE6D-8668299C3C7B} = {CF9F3299-A6C6-4F38-A0C9-EA76A3F6A1AA}
		{1E9B692E-4C12-4932-BD64-2975FB336DA2} = {CF9F3299-A6C6-4F38-A0C9-EA76A3F6A1AA}
		{2123BF04-702B-4BB3-8A99-A8CEF84172AE} = {CF9F3299-A6C6-4F38-A0C9-EA76A3F6A1AA}
		{86AB0811-46BE-48A5-8227-952DF06F23BE} = {CF9F3299-A6C6-4F38-A0C9-EA76A3F6A1AA}
		{97F3AF8D-2E96-4125-BA20-4B93F892555F} = {CF9F3299-A6C6-4F38-A0C9-EA76A3F6A1AA}
		{5B3D33BC-1EBB-4CE8-B7A2-DE6C5B1DE793} = {CF9F3299-A6C6-4F38-A0C9-EA76A3F6A1AA}
		{60F0F0CB-0F3C-4E4B-93C9-7B8122F4830D} = {CF9F3299-A6C6-4F38-A0C9-EA76A3F6A1AA}
		{3509A924-2876-4A67-817F-F256BAE3DF23} = {297BEC5E-214C-4DC9-ACF6-7816BED1D877}
		{D02B4429-6785-422F-AF7B-1BACA237E642} = {2DF094D7-F4FA-47EB-A414-8A8230FF84AF}
		{B3622D68-B3CA-4C1B-AA23-BC7753B2EBAC} = {D02B4429-6785-422F-AF7B-1BACA237E642}
		{43B545E4-0D7C-46C3-8D7B-C883F78283BB} = {D02B4429-6785-422F-AF7B-1BACA237E642}
		{03E7D760-E0AB-49EF-8322-817BF3413E7C} = {D02B4429-6785-422F-AF7B-1BACA237E642}
		{BBE7C33A-9AAE-4153-9069-B43AE38F1AC8} = {D02B4429-6785-422F-AF7B-1BACA237E642}
		{6E725CBC-2505-4D54-B5EF-0F7016E151ED} = {D02B4429-6785-422F-AF7B-1BACA237E642}
		{F61B5473-0AA5-4D8B-A9E2-43B61324946D} = {D02B4429-6785-422F-AF7B-1BACA237E642}
		{84D86D23-AB89-41E7-8972-FBEEA41C932B} = {D02B4429-6785-422F-AF7B-1BACA237E642}
		{B12489FA-83DD-4E1D-AA3A-007082DFDC00} = {D02B4429-6785-422F-AF7B-1BACA237E642}
		{8ED0DD49-DDCE-4D3C-8CC8-7D27EF56F042} = {D02B4429-6785-422F-AF7B-1BACA237E642}
		{D85960FA-17F6-4764-81D1-DB3463B709D2} = {D02B4429-6785-422F-AF7B-1BACA237E642}
		{2CDA1277-F6D0-490E-ABE7-BA1B1480352C} = {D02B4429-6785-422F-AF7B-1BACA237E642}
		{4A2C1F25-DEA0-438B-993F-5E83115A1614} = {D02B4429-6785-422F-AF7B-1BACA237E642}
		{467F7E7A-B11D-4CE7-BA86-2D634839822A} = {D02B4429-6785-422F-AF7B-1BACA237E642}
		{FCD9C81E-6282-4B6E-9ECD-E8743FE0E55E} = {D02B4429-6785-422F-AF7B-1BACA237E642}
		{D2254EF6-7F49-4BD3-BEDA-6FD6FCFB4999} = {D02B4429-6785-422F-AF7B-1BACA237E642}
		{BEAC7F41-2F1B-4222-A352-0929ED6FA723} = {D02B4429-6785-422F-AF7B-1BACA237E642}
		{48CA935A-D231-465B-AA0A-A92C6C36746B} = {D02B4429-6785-422F-AF7B-1BACA237E642}
		{4B66E3ED-B3C7-490F-8E64-5DC56730F2D8} = {D02B4429-6785-422F-AF7B-1BACA237E642}
		{0FC3350C-DE57-4777-91F2-15A7DD8C29BC} = {D02B4429-6785-422F-AF7B-1BACA237E642}
		{ADCC8A97-4DBC-454E-94B3-8465509B11F5} = {D02B4429-6785-422F-AF7B-1BACA237E642}
		{60931CFC-B5D4-4A85-B925-8D66FA061510} = {D02B4429-6785-422F-AF7B-1BACA237E642}
		{91BECF58-6B67-4A54-BCE1-F03AC81434CE} = {D02B4429-6785-422F-AF7B-1BACA237E642}
		{8E0C0491-326E-4051-96A6-20F410CF96F1} = {D02B4429-6785-422F-AF7B-1BACA237E642}
		{B0F717C3-C800-4BAE-9C60-CD3667769D55} = {D02B4429-6785-422F-AF7B-1BACA237E642}
		{0B72E794-24E5-476F-B886-8EA4E7F8798F} = {D02B4429-6785-422F-AF7B-1BACA237E642}
		{3B4ABB2E-DE9E-4D2B-9CF0-7CE278DB6ED9} = {D02B4429-6785-422F-AF7B-1BACA237E642}
		{32FDAE57-DFB8-4C27-AFC2-E5D2EBA89190} = {D02B4429-6785-422F-AF7B-1BACA237E642}
	EndGlobalSection
	GlobalSection(ExtensibilityGlobals) = postSolution
		SolutionGuid = {95115ACA-B400-44B9-8FC0-6A667A11C40C}
	EndGlobalSection
EndGlobal
